
Microsoft Visual Studio Solution File, Format Version 12.00
# Visual Studio Version 17
VisualStudioVersion = 17.11.35312.102
MinimumVisualStudioVersion = 10.0.40219.1
Project("{2150E333-8FDC-42A3-9474-1A3956D46DE8}") = "Task0", "Task0", "{997C48C3-1E95-4521-B598-9C1BB327CB9B}"
EndProject
Project("{FAE04EC0-301F-11D3-BF4B-00C04F79EFBC}") = "Tyuiu.DemchenkoAD.Sprint3.Task3.V22", "Tyuiu.DemchenkoAD.Sprint3.Task3.V22\Tyuiu.DemchenkoAD.Sprint3.Task3.V22.csproj", "{B32336F8-B7AF-4F06-AA19-D708BCBDC2AB}"
EndProject
Project("{FAE04EC0-301F-11D3-BF4B-00C04F79EFBC}") = "Tyuiu.DemchenkoAD.Sprint3.Task3.V22.Lib", "Tyuiu.DemchenkoAD.Sprint3.Task3.V22.Lib\Tyuiu.DemchenkoAD.Sprint3.Task3.V22.Lib.csproj", "{DB7C06A4-24EE-4650-8EB9-4E9E290F1DF2}"
EndProject
Project("{FAE04EC0-301F-11D3-BF4B-00C04F79EFBC}") = "Tyuiu.DemchenkoAD.Sprint3.Task3.V22.Test", "Tyuiu.DemchenkoAD.Sprint3.Task3.V22.Test\Tyuiu.DemchenkoAD.Sprint3.Task3.V22.Test.csproj", "{6DCCF006-FB99-4907-A689-2D8D4407C543}"
EndProject
Project("{2150E333-8FDC-42A3-9474-1A3956D46DE8}") = "Task1", "Task1", "{E1BEEE8B-5147-45A9-A4DF-BC76329DAD18}"
EndProject
Project("{FAE04EC0-301F-11D3-BF4B-00C04F79EFBC}") = "Tyuiu.DemchenkoAD.Sprint3.Task1.V13", "Tyuiu.DemchenkoAD.Sprint3.Task1.V13\Tyuiu.DemchenkoAD.Sprint3.Task1.V13.csproj", "{095DCC90-AB23-4A07-848B-2AFD9804D472}"
EndProject
Project("{FAE04EC0-301F-11D3-BF4B-00C04F79EFBC}") = "Tyuiu.DemchenkoAD.Sprint3.Task1.V13.Lib", "Tyuiu.DemchenkoAD.Sprint3.Task1.V13.Lib\Tyuiu.DemchenkoAD.Sprint3.Task1.V13.Lib.csproj", "{5D7C16AD-AF26-4AF0-A212-97C2D88B5AD8}"
EndProject
Project("{FAE04EC0-301F-11D3-BF4B-00C04F79EFBC}") = "Tyuiu.DemchenkoAD.Sprint3.Task1.V13.Test", "Tyuiu.DemchenkoAD.Sprint3.Task1.V13.Test\Tyuiu.DemchenkoAD.Sprint3.Task1.V13.Test.csproj", "{2971D037-DE07-48B7-BB9A-CA60BA3D797C}"
EndProject
Project("{2150E333-8FDC-42A3-9474-1A3956D46DE8}") = "Task2", "Task2", "{83FE9D49-126C-4FED-A7F0-D68C74E2A714}"
EndProject
Project("{FAE04EC0-301F-11D3-BF4B-00C04F79EFBC}") = "Tyuiu.DemchenkoAD.Sprint3.Task2.V11", "Tyuiu.DemchenkoAD.Sprint3.Task2.V11\Tyuiu.DemchenkoAD.Sprint3.Task2.V11.csproj", "{98C7C8B7-C41C-4665-A8CA-1962D0323723}"
EndProject
Project("{FAE04EC0-301F-11D3-BF4B-00C04F79EFBC}") = "Tyuiu.DemchenkoAD.Sprint3.Task2.V11.Lib", "Tyuiu.DemchenkoAD.Sprint3.Task2.V11.Lib\Tyuiu.DemchenkoAD.Sprint3.Task2.V11.Lib.csproj", "{B7BFAE0B-85F5-41A7-8FDC-C6FC171877A3}"
EndProject
Project("{FAE04EC0-301F-11D3-BF4B-00C04F79EFBC}") = "Tyuiu.DemchenkoAD.Sprint3.Task2.V11.Test", "Tyuiu.DemchenkoAD.Sprint3.Task2.V11.Test\Tyuiu.DemchenkoAD.Sprint3.Task2.V11.Test.csproj", "{63014E28-65B0-4569-AB8C-174C94113B5E}"
EndProject
Project("{2150E333-8FDC-42A3-9474-1A3956D46DE8}") = "Task3", "Task3", "{1DEB2476-82BF-4780-8734-F1328C7FA175}"
EndProject
Project("{FAE04EC0-301F-11D3-BF4B-00C04F79EFBC}") = "Tyuiu.DemchenkoAD.Sprint3.Task3.V30", "Tyuiu.DemchenkoAD.Sprint3.Task3.V30\Tyuiu.DemchenkoAD.Sprint3.Task3.V30.csproj", "{DCC8B3FA-51A8-4A26-9618-CE4127379CAE}"
EndProject
Project("{FAE04EC0-301F-11D3-BF4B-00C04F79EFBC}") = "Tyuiu.DemchenkoAD.Sprint3.Task3.V30.Lib", "Tyuiu.DemchenkoAD.Sprint3.Task3.V30.Lib\Tyuiu.DemchenkoAD.Sprint3.Task3.V30.Lib.csproj", "{46E7914C-9014-4C05-815A-0D8D17B657D5}"
EndProject
Project("{FAE04EC0-301F-11D3-BF4B-00C04F79EFBC}") = "Tyuiu.DemchenkoAD.Sprint3.Task3.V30.Test", "Tyuiu.DemchenkoAD.Sprint3.Task3.V30.Test\Tyuiu.DemchenkoAD.Sprint3.Task3.V30.Test.csproj", "{DC70E155-05B7-422E-869B-CE66EF1128C2}"
EndProject
Project("{2150E333-8FDC-42A3-9474-1A3956D46DE8}") = "Task4", "Task4", "{8A073AEC-6E72-4827-98BD-510D2F4C60EE}"
EndProject
Project("{FAE04EC0-301F-11D3-BF4B-00C04F79EFBC}") = "Tyuiu.DemchenkoAD.Sprint3.Task4.V3", "Tyuiu.DemchenkoAD.Sprint3.Task4.V3\Tyuiu.DemchenkoAD.Sprint3.Task4.V3.csproj", "{FDAE4A16-94F1-4C6E-B322-C0E6BB14D1F4}"
EndProject
Project("{FAE04EC0-301F-11D3-BF4B-00C04F79EFBC}") = "Tyuiu.DemchenkoAD.Sprint3.Task4.V3.Lib", "Tyuiu.DemchenkoAD.Sprint3.Task4.V3.Lib\Tyuiu.DemchenkoAD.Sprint3.Task4.V3.Lib.csproj", "{35794DCA-D5C0-4C1E-A5AA-FF31AF9BE2F6}"
EndProject
Project("{FAE04EC0-301F-11D3-BF4B-00C04F79EFBC}") = "Tyuiu.DemchenkoAD.Sprint3.Task4.V3.Test", "Tyuiu.DemchenkoAD.Sprint3.Task4.V3.Test\Tyuiu.DemchenkoAD.Sprint3.Task4.V3.Test.csproj", "{613D19EC-06A4-4178-B6DB-BA4E7CE0CFC6}"
EndProject
Project("{2150E333-8FDC-42A3-9474-1A3956D46DE8}") = "Task5", "Task5", "{E73628BA-36C6-47C3-83E2-2BB9BA729A31}"
EndProject
Project("{FAE04EC0-301F-11D3-BF4B-00C04F79EFBC}") = "Tyuiu.DemchenkoAD.Sprint3.Task5.V19", "Tyuiu.DemchenkoAD.Sprint3.Task5.V19\Tyuiu.DemchenkoAD.Sprint3.Task5.V19.csproj", "{BAC0BE20-A994-4A56-BA73-D0B34439CBDB}"
EndProject
Project("{FAE04EC0-301F-11D3-BF4B-00C04F79EFBC}") = "Tyuiu.DemchenkoAD.Sprint3.Task5.V19.Lib", "Tyuiu.DemchenkoAD.Sprint3.Task5.V19.Lib\Tyuiu.DemchenkoAD.Sprint3.Task5.V19.Lib.csproj", "{06ACAACD-F4A6-421F-B453-325C60B94D0D}"
EndProject
Project("{FAE04EC0-301F-11D3-BF4B-00C04F79EFBC}") = "Tyuiu.DemchenkoAD.Sprint3.Task5.V19.Test", "Tyuiu.DemchenkoAD.Sprint3.Task5.V19.Test\Tyuiu.DemchenkoAD.Sprint3.Task5.V19.Test.csproj", "{02AA2544-8421-4292-9465-DCDB0A6097F4}"
EndProject
Global
	GlobalSection(SolutionConfigurationPlatforms) = preSolution
		Debug|Any CPU = Debug|Any CPU
		Release|Any CPU = Release|Any CPU
	EndGlobalSection
	GlobalSection(ProjectConfigurationPlatforms) = postSolution
		{B32336F8-B7AF-4F06-AA19-D708BCBDC2AB}.Debug|Any CPU.ActiveCfg = Debug|Any CPU
		{B32336F8-B7AF-4F06-AA19-D708BCBDC2AB}.Debug|Any CPU.Build.0 = Debug|Any CPU
		{B32336F8-B7AF-4F06-AA19-D708BCBDC2AB}.Release|Any CPU.ActiveCfg = Release|Any CPU
		{B32336F8-B7AF-4F06-AA19-D708BCBDC2AB}.Release|Any CPU.Build.0 = Release|Any CPU
		{DB7C06A4-24EE-4650-8EB9-4E9E290F1DF2}.Debug|Any CPU.ActiveCfg = Debug|Any CPU
		{DB7C06A4-24EE-4650-8EB9-4E9E290F1DF2}.Debug|Any CPU.Build.0 = Debug|Any CPU
		{DB7C06A4-24EE-4650-8EB9-4E9E290F1DF2}.Release|Any CPU.ActiveCfg = Release|Any CPU
		{DB7C06A4-24EE-4650-8EB9-4E9E290F1DF2}.Release|Any CPU.Build.0 = Release|Any CPU
		{6DCCF006-FB99-4907-A689-2D8D4407C543}.Debug|Any CPU.ActiveCfg = Debug|Any CPU
		{6DCCF006-FB99-4907-A689-2D8D4407C543}.Debug|Any CPU.Build.0 = Debug|Any CPU
		{6DCCF006-FB99-4907-A689-2D8D4407C543}.Release|Any CPU.ActiveCfg = Release|Any CPU
		{6DCCF006-FB99-4907-A689-2D8D4407C543}.Release|Any CPU.Build.0 = Release|Any CPU
		{095DCC90-AB23-4A07-848B-2AFD9804D472}.Debug|Any CPU.ActiveCfg = Debug|Any CPU
		{095DCC90-AB23-4A07-848B-2AFD9804D472}.Debug|Any CPU.Build.0 = Debug|Any CPU
		{095DCC90-AB23-4A07-848B-2AFD9804D472}.Release|Any CPU.ActiveCfg = Release|Any CPU
		{095DCC90-AB23-4A07-848B-2AFD9804D472}.Release|Any CPU.Build.0 = Release|Any CPU
		{5D7C16AD-AF26-4AF0-A212-97C2D88B5AD8}.Debug|Any CPU.ActiveCfg = Debug|Any CPU
		{5D7C16AD-AF26-4AF0-A212-97C2D88B5AD8}.Debug|Any CPU.Build.0 = Debug|Any CPU
		{5D7C16AD-AF26-4AF0-A212-97C2D88B5AD8}.Release|Any CPU.ActiveCfg = Release|Any CPU
		{5D7C16AD-AF26-4AF0-A212-97C2D88B5AD8}.Release|Any CPU.Build.0 = Release|Any CPU
		{2971D037-DE07-48B7-BB9A-CA60BA3D797C}.Debug|Any CPU.ActiveCfg = Debug|Any CPU
		{2971D037-DE07-48B7-BB9A-CA60BA3D797C}.Debug|Any CPU.Build.0 = Debug|Any CPU
		{2971D037-DE07-48B7-BB9A-CA60BA3D797C}.Release|Any CPU.ActiveCfg = Release|Any CPU
		{2971D037-DE07-48B7-BB9A-CA60BA3D797C}.Release|Any CPU.Build.0 = Release|Any CPU
		{98C7C8B7-C41C-4665-A8CA-1962D0323723}.Debug|Any CPU.ActiveCfg = Debug|Any CPU
		{98C7C8B7-C41C-4665-A8CA-1962D0323723}.Debug|Any CPU.Build.0 = Debug|Any CPU
		{98C7C8B7-C41C-4665-A8CA-1962D0323723}.Release|Any CPU.ActiveCfg = Release|Any CPU
		{98C7C8B7-C41C-4665-A8CA-1962D0323723}.Release|Any CPU.Build.0 = Release|Any CPU
		{B7BFAE0B-85F5-41A7-8FDC-C6FC171877A3}.Debug|Any CPU.ActiveCfg = Debug|Any CPU
		{B7BFAE0B-85F5-41A7-8FDC-C6FC171877A3}.Debug|Any CPU.Build.0 = Debug|Any CPU
		{B7BFAE0B-85F5-41A7-8FDC-C6FC171877A3}.Release|Any CPU.ActiveCfg = Release|Any CPU
		{B7BFAE0B-85F5-41A7-8FDC-C6FC171877A3}.Release|Any CPU.Build.0 = Release|Any CPU
		{63014E28-65B0-4569-AB8C-174C94113B5E}.Debug|Any CPU.ActiveCfg = Debug|Any CPU
		{63014E28-65B0-4569-AB8C-174C94113B5E}.Debug|Any CPU.Build.0 = Debug|Any CPU
		{63014E28-65B0-4569-AB8C-174C94113B5E}.Release|Any CPU.ActiveCfg = Release|Any CPU
		{63014E28-65B0-4569-AB8C-174C94113B5E}.Release|Any CPU.Build.0 = Release|Any CPU
		{DCC8B3FA-51A8-4A26-9618-CE4127379CAE}.Debug|Any CPU.ActiveCfg = Debug|Any CPU
		{DCC8B3FA-51A8-4A26-9618-CE4127379CAE}.Debug|Any CPU.Build.0 = Debug|Any CPU
		{DCC8B3FA-51A8-4A26-9618-CE4127379CAE}.Release|Any CPU.ActiveCfg = Release|Any CPU
		{DCC8B3FA-51A8-4A26-9618-CE4127379CAE}.Release|Any CPU.Build.0 = Release|Any CPU
		{46E7914C-9014-4C05-815A-0D8D17B657D5}.Debug|Any CPU.ActiveCfg = Debug|Any CPU
		{46E7914C-9014-4C05-815A-0D8D17B657D5}.Debug|Any CPU.Build.0 = Debug|Any CPU
		{46E7914C-9014-4C05-815A-0D8D17B657D5}.Release|Any CPU.ActiveCfg = Release|Any CPU
		{46E7914C-9014-4C05-815A-0D8D17B657D5}.Release|Any CPU.Build.0 = Release|Any CPU
		{DC70E155-05B7-422E-869B-CE66EF1128C2}.Debug|Any CPU.ActiveCfg = Debug|Any CPU
		{DC70E155-05B7-422E-869B-CE66EF1128C2}.Debug|Any CPU.Build.0 = Debug|Any CPU
		{DC70E155-05B7-422E-869B-CE66EF1128C2}.Release|Any CPU.ActiveCfg = Release|Any CPU
		{DC70E155-05B7-422E-869B-CE66EF1128C2}.Release|Any CPU.Build.0 = Release|Any CPU
		{FDAE4A16-94F1-4C6E-B322-C0E6BB14D1F4}.Debug|Any CPU.ActiveCfg = Debug|Any CPU
		{FDAE4A16-94F1-4C6E-B322-C0E6BB14D1F4}.Debug|Any CPU.Build.0 = Debug|Any CPU
		{FDAE4A16-94F1-4C6E-B322-C0E6BB14D1F4}.Release|Any CPU.ActiveCfg = Release|Any CPU
		{FDAE4A16-94F1-4C6E-B322-C0E6BB14D1F4}.Release|Any CPU.Build.0 = Release|Any CPU
		{35794DCA-D5C0-4C1E-A5AA-FF31AF9BE2F6}.Debug|Any CPU.ActiveCfg = Debug|Any CPU
		{35794DCA-D5C0-4C1E-A5AA-FF31AF9BE2F6}.Debug|Any CPU.Build.0 = Debug|Any CPU
		{35794DCA-D5C0-4C1E-A5AA-FF31AF9BE2F6}.Release|Any CPU.ActiveCfg = Release|Any CPU
		{35794DCA-D5C0-4C1E-A5AA-FF31AF9BE2F6}.Release|Any CPU.Build.0 = Release|Any CPU
		{613D19EC-06A4-4178-B6DB-BA4E7CE0CFC6}.Debug|Any CPU.ActiveCfg = Debug|Any CPU
		{613D19EC-06A4-4178-B6DB-BA4E7CE0CFC6}.Debug|Any CPU.Build.0 = Debug|Any CPU
		{613D19EC-06A4-4178-B6DB-BA4E7CE0CFC6}.Release|Any CPU.ActiveCfg = Release|Any CPU
		{613D19EC-06A4-4178-B6DB-BA4E7CE0CFC6}.Release|Any CPU.Build.0 = Release|Any CPU
		{BAC0BE20-A994-4A56-BA73-D0B34439CBDB}.Debug|Any CPU.ActiveCfg = Debug|Any CPU
		{BAC0BE20-A994-4A56-BA73-D0B34439CBDB}.Debug|Any CPU.Build.0 = Debug|Any CPU
		{BAC0BE20-A994-4A56-BA73-D0B34439CBDB}.Release|Any CPU.ActiveCfg = Release|Any CPU
		{BAC0BE20-A994-4A56-BA73-D0B34439CBDB}.Release|Any CPU.Build.0 = Release|Any CPU
		{06ACAACD-F4A6-421F-B453-325C60B94D0D}.Debug|Any CPU.ActiveCfg = Debug|Any CPU
		{06ACAACD-F4A6-421F-B453-325C60B94D0D}.Debug|Any CPU.Build.0 = Debug|Any CPU
		{06ACAACD-F4A6-421F-B453-325C60B94D0D}.Release|Any CPU.ActiveCfg = Release|Any CPU
		{06ACAACD-F4A6-421F-B453-325C60B94D0D}.Release|Any CPU.Build.0 = Release|Any CPU
		{02AA2544-8421-4292-9465-DCDB0A6097F4}.Debug|Any CPU.ActiveCfg = Debug|Any CPU
		{02AA2544-8421-4292-9465-DCDB0A6097F4}.Debug|Any CPU.Build.0 = Debug|Any CPU
		{02AA2544-8421-4292-9465-DCDB0A6097F4}.Release|Any CPU.ActiveCfg = Release|Any CPU
		{02AA2544-8421-4292-9465-DCDB0A6097F4}.Release|Any CPU.Build.0 = Release|Any CPU
	EndGlobalSection
	GlobalSection(SolutionProperties) = preSolution
		HideSolutionNode = FALSE
	EndGlobalSection
	GlobalSection(NestedProjects) = preSolution
		{B32336F8-B7AF-4F06-AA19-D708BCBDC2AB} = {997C48C3-1E95-4521-B598-9C1BB327CB9B}
		{DB7C06A4-24EE-4650-8EB9-4E9E290F1DF2} = {997C48C3-1E95-4521-B598-9C1BB327CB9B}
		{6DCCF006-FB99-4907-A689-2D8D4407C543} = {997C48C3-1E95-4521-B598-9C1BB327CB9B}
		{095DCC90-AB23-4A07-848B-2AFD9804D472} = {E1BEEE8B-5147-45A9-A4DF-BC76329DAD18}
		{5D7C16AD-AF26-4AF0-A212-97C2D88B5AD8} = {E1BEEE8B-5147-45A9-A4DF-BC76329DAD18}
		{2971D037-DE07-48B7-BB9A-CA60BA3D797C} = {E1BEEE8B-5147-45A9-A4DF-BC76329DAD18}
		{98C7C8B7-C41C-4665-A8CA-1962D0323723} = {83FE9D49-126C-4FED-A7F0-D68C74E2A714}
		{B7BFAE0B-85F5-41A7-8FDC-C6FC171877A3} = {83FE9D49-126C-4FED-A7F0-D68C74E2A714}
		{63014E28-65B0-4569-AB8C-174C94113B5E} = {83FE9D49-126C-4FED-A7F0-D68C74E2A714}
		{DCC8B3FA-51A8-4A26-9618-CE4127379CAE} = {1DEB2476-82BF-4780-8734-F1328C7FA175}
		{46E7914C-9014-4C05-815A-0D8D17B657D5} = {1DEB2476-82BF-4780-8734-F1328C7FA175}
		{DC70E155-05B7-422E-869B-CE66EF1128C2} = {1DEB2476-82BF-4780-8734-F1328C7FA175}
		{FDAE4A16-94F1-4C6E-B322-C0E6BB14D1F4} = {8A073AEC-6E72-4827-98BD-510D2F4C60EE}
		{35794DCA-D5C0-4C1E-A5AA-FF31AF9BE2F6} = {8A073AEC-6E72-4827-98BD-510D2F4C60EE}
		{613D19EC-06A4-4178-B6DB-BA4E7CE0CFC6} = {8A073AEC-6E72-4827-98BD-510D2F4C60EE}
		{BAC0BE20-A994-4A56-BA73-D0B34439CBDB} = {E73628BA-36C6-47C3-83E2-2BB9BA729A31}
		{06ACAACD-F4A6-421F-B453-325C60B94D0D} = {E73628BA-36C6-47C3-83E2-2BB9BA729A31}
		{02AA2544-8421-4292-9465-DCDB0A6097F4} = {E73628BA-36C6-47C3-83E2-2BB9BA729A31}
	EndGlobalSection
	GlobalSection(ExtensibilityGlobals) = postSolution
		SolutionGuid = {1636339C-12A4-419C-A675-EEC92CAA22BB}
	EndGlobalSection
EndGlobal
