
Microsoft Visual Studio Solution File, Format Version 12.00
# Visual Studio Version 17
VisualStudioVersion = 17.11.35312.102
MinimumVisualStudioVersion = 10.0.40219.1
Project("{2150E333-8FDC-42A3-9474-1A3956D46DE8}") = "Task0", "Task0", "{997C48C3-1E95-4521-B598-9C1BB327CB9B}"
EndProject
Project("{FAE04EC0-301F-11D3-BF4B-00C04F79EFBC}") = "Tyuiu.DemchenkoAD.Sprint3.Task3.V22", "Tyuiu.DemchenkoAD.Sprint3.Task3.V22\Tyuiu.DemchenkoAD.Sprint3.Task3.V22.csproj", "{B32336F8-B7AF-4F06-AA19-D708BCBDC2AB}"
EndProject
Project("{FAE04EC0-301F-11D3-BF4B-00C04F79EFBC}") = "Tyuiu.DemchenkoAD.Sprint3.Task3.V22.Lib", "Tyuiu.DemchenkoAD.Sprint3.Task3.V22.Lib\Tyuiu.DemchenkoAD.Sprint3.Task3.V22.Lib.csproj", "{DB7C06A4-24EE-4650-8EB9-4E9E290F1DF2}"
EndProject
Project("{FAE04EC0-301F-11D3-BF4B-00C04F79EFBC}") = "Tyuiu.DemchenkoAD.Sprint3.Task3.V22.Test", "Tyuiu.DemchenkoAD.Sprint3.Task3.V22.Test\Tyuiu.DemchenkoAD.Sprint3.Task3.V22.Test.csproj", "{6DCCF006-FB99-4907-A689-2D8D4407C543}"
EndProject
Project("{2150E333-8FDC-42A3-9474-1A3956D46DE8}") = "Task1", "Task1", "{E1BEEE8B-5147-45A9-A4DF-BC76329DAD18}"
EndProject
Project("{FAE04EC0-301F-11D3-BF4B-00C04F79EFBC}") = "Tyuiu.DemchenkoAD.Sprint3.Task1.V13", "Tyuiu.DemchenkoAD.Sprint3.Task1.V13\Tyuiu.DemchenkoAD.Sprint3.Task1.V13.csproj", "{095DCC90-AB23-4A07-848B-2AFD9804D472}"
EndProject
Project("{FAE04EC0-301F-11D3-BF4B-00C04F79EFBC}") = "Tyuiu.DemchenkoAD.Sprint3.Task1.V13.Lib", "Tyuiu.DemchenkoAD.Sprint3.Task1.V13.Lib\Tyuiu.DemchenkoAD.Sprint3.Task1.V13.Lib.csproj", "{5D7C16AD-AF26-4AF0-A212-97C2D88B5AD8}"
EndProject
Project("{FAE04EC0-301F-11D3-BF4B-00C04F79EFBC}") = "Tyuiu.DemchenkoAD.Sprint3.Task1.V13.Test", "Tyuiu.DemchenkoAD.Sprint3.Task1.V13.Test\Tyuiu.DemchenkoAD.Sprint3.Task1.V13.Test.csproj", "{2971D037-DE07-48B7-BB9A-CA60BA3D797C}"
EndProject
Project("{2150E333-8FDC-42A3-9474-1A3956D46DE8}") = "Task2", "Task2", "{83FE9D49-126C-4FED-A7F0-D68C74E2A714}"
EndProject
Project("{FAE04EC0-301F-11D3-BF4B-00C04F79EFBC}") = "Tyuiu.DemchenkoAD.Sprint3.Task2.V11", "Tyuiu.DemchenkoAD.Sprint3.Task2.V11\Tyuiu.DemchenkoAD.Sprint3.Task2.V11.csproj", "{98C7C8B7-C41C-4665-A8CA-1962D0323723}"
EndProject
Project("{FAE04EC0-301F-11D3-BF4B-00C04F79EFBC}") = "Tyuiu.DemchenkoAD.Sprint3.Task2.V11.Lib", "Tyuiu.DemchenkoAD.Sprint3.Task2.V11.Lib\Tyuiu.DemchenkoAD.Sprint3.Task2.V11.Lib.csproj", "{B7BFAE0B-85F5-41A7-8FDC-C6FC171877A3}"
EndProject
Project("{FAE04EC0-301F-11D3-BF4B-00C04F79EFBC}") = "Tyuiu.DemchenkoAD.Sprint3.Task2.V11.Test", "Tyuiu.DemchenkoAD.Sprint3.Task2.V11.Test\Tyuiu.DemchenkoAD.Sprint3.Task2.V11.Test.csproj", "{63014E28-65B0-4569-AB8C-174C94113B5E}"
EndProject
Global
	GlobalSection(SolutionConfigurationPlatforms) = preSolution
		Debug|Any CPU = Debug|Any CPU
		Release|Any CPU = Release|Any CPU
	EndGlobalSection
	GlobalSection(ProjectConfigurationPlatforms) = postSolution
		{B32336F8-B7AF-4F06-AA19-D708BCBDC2AB}.Debug|Any CPU.ActiveCfg = Debug|Any CPU
		{B32336F8-B7AF-4F06-AA19-D708BCBDC2AB}.Debug|Any CPU.Build.0 = Debug|Any CPU
		{B32336F8-B7AF-4F06-AA19-D708BCBDC2AB}.Release|Any CPU.ActiveCfg = Release|Any CPU
		{B32336F8-B7AF-4F06-AA19-D708BCBDC2AB}.Release|Any CPU.Build.0 = Release|Any CPU
		{DB7C06A4-24EE-4650-8EB9-4E9E290F1DF2}.Debug|Any CPU.ActiveCfg = Debug|Any CPU
		{DB7C06A4-24EE-4650-8EB9-4E9E290F1DF2}.Debug|Any CPU.Build.0 = Debug|Any CPU
		{DB7C06A4-24EE-4650-8EB9-4E9E290F1DF2}.Release|Any CPU.ActiveCfg = Release|Any CPU
		{DB7C06A4-24EE-4650-8EB9-4E9E290F1DF2}.Release|Any CPU.Build.0 = Release|Any CPU
		{6DCCF006-FB99-4907-A689-2D8D4407C543}.Debug|Any CPU.ActiveCfg = Debug|Any CPU
		{6DCCF006-FB99-4907-A689-2D8D4407C543}.Debug|Any CPU.Build.0 = Debug|Any CPU
		{6DCCF006-FB99-4907-A689-2D8D4407C543}.Release|Any CPU.ActiveCfg = Release|Any CPU
		{6DCCF006-FB99-4907-A689-2D8D4407C543}.Release|Any CPU.Build.0 = Release|Any CPU
		{095DCC90-AB23-4A07-848B-2AFD9804D472}.Debug|Any CPU.ActiveCfg = Debug|Any CPU
		{095DCC90-AB23-4A07-848B-2AFD9804D472}.Debug|Any CPU.Build.0 = Debug|Any CPU
		{095DCC90-AB23-4A07-848B-2AFD9804D472}.Release|Any CPU.ActiveCfg = Release|Any CPU
		{095DCC90-AB23-4A07-848B-2AFD9804D472}.Release|Any CPU.Build.0 = Release|Any CPU
		{5D7C16AD-AF26-4AF0-A212-97C2D88B5AD8}.Debug|Any CPU.ActiveCfg = Debug|Any CPU
		{5D7C16AD-AF26-4AF0-A212-97C2D88B5AD8}.Debug|Any CPU.Build.0 = Debug|Any CPU
		{5D7C16AD-AF26-4AF0-A212-97C2D88B5AD8}.Release|Any CPU.ActiveCfg = Release|Any CPU
		{5D7C16AD-AF26-4AF0-A212-97C2D88B5AD8}.Release|Any CPU.Build.0 = Release|Any CPU
		{2971D037-DE07-48B7-BB9A-CA60BA3D797C}.Debug|Any CPU.ActiveCfg = Debug|Any CPU
		{2971D037-DE07-48B7-BB9A-CA60BA3D797C}.Debug|Any CPU.Build.0 = Debug|Any CPU
		{2971D037-DE07-48B7-BB9A-CA60BA3D797C}.Release|Any CPU.ActiveCfg = Release|Any CPU
		{2971D037-DE07-48B7-BB9A-CA60BA3D797C}.Release|Any CPU.Build.0 = Release|Any CPU
		{98C7C8B7-C41C-4665-A8CA-1962D0323723}.Debug|Any CPU.ActiveCfg = Debug|Any CPU
		{98C7C8B7-C41C-4665-A8CA-1962D0323723}.Debug|Any CPU.Build.0 = Debug|Any CPU
		{98C7C8B7-C41C-4665-A8CA-1962D0323723}.Release|Any CPU.ActiveCfg = Release|Any CPU
		{98C7C8B7-C41C-4665-A8CA-1962D0323723}.Release|Any CPU.Build.0 = Release|Any CPU
		{B7BFAE0B-85F5-41A7-8FDC-C6FC171877A3}.Debug|Any CPU.ActiveCfg = Debug|Any CPU
		{B7BFAE0B-85F5-41A7-8FDC-C6FC171877A3}.Debug|Any CPU.Build.0 = Debug|Any CPU
		{B7BFAE0B-85F5-41A7-8FDC-C6FC171877A3}.Release|Any CPU.ActiveCfg = Release|Any CPU
		{B7BFAE0B-85F5-41A7-8FDC-C6FC171877A3}.Release|Any CPU.Build.0 = Release|Any CPU
		{63014E28-65B0-4569-AB8C-174C94113B5E}.Debug|Any CPU.ActiveCfg = Debug|Any CPU
		{63014E28-65B0-4569-AB8C-174C94113B5E}.Debug|Any CPU.Build.0 = Debug|Any CPU
		{63014E28-65B0-4569-AB8C-174C94113B5E}.Release|Any CPU.ActiveCfg = Release|Any CPU
		{63014E28-65B0-4569-AB8C-174C94113B5E}.Release|Any CPU.Build.0 = Release|Any CPU
	EndGlobalSection
	GlobalSection(SolutionProperties) = preSolution
		HideSolutionNode = FALSE
	EndGlobalSection
	GlobalSection(NestedProjects) = preSolution
		{B32336F8-B7AF-4F06-AA19-D708BCBDC2AB} = {997C48C3-1E95-4521-B598-9C1BB327CB9B}
		{DB7C06A4-24EE-4650-8EB9-4E9E290F1DF2} = {997C48C3-1E95-4521-B598-9C1BB327CB9B}
		{6DCCF006-FB99-4907-A689-2D8D4407C543} = {997C48C3-1E95-4521-B598-9C1BB327CB9B}
		{095DCC90-AB23-4A07-848B-2AFD9804D472} = {E1BEEE8B-5147-45A9-A4DF-BC76329DAD18}
		{5D7C16AD-AF26-4AF0-A212-97C2D88B5AD8} = {E1BEEE8B-5147-45A9-A4DF-BC76329DAD18}
		{2971D037-DE07-48B7-BB9A-CA60BA3D797C} = {E1BEEE8B-5147-45A9-A4DF-BC76329DAD18}
		{98C7C8B7-C41C-4665-A8CA-1962D0323723} = {83FE9D49-126C-4FED-A7F0-D68C74E2A714}
		{B7BFAE0B-85F5-41A7-8FDC-C6FC171877A3} = {83FE9D49-126C-4FED-A7F0-D68C74E2A714}
		{63014E28-65B0-4569-AB8C-174C94113B5E} = {83FE9D49-126C-4FED-A7F0-D68C74E2A714}
	EndGlobalSection
	GlobalSection(ExtensibilityGlobals) = postSolution
		SolutionGuid = {1636339C-12A4-419C-A675-EEC92CAA22BB}
	EndGlobalSection
EndGlobal
